// !$*UTF8*$!
{
	archiveVersion = 1;
	classes = {
	};
	objectVersion = 77;
	objects = {

/* Begin PBXContainerItemProxy section */
		37E4829D2D63C269002B6D75 /* PBXContainerItemProxy */ = {
			isa = PBXContainerItemProxy;
			containerPortal = 37E482832D63C268002B6D75 /* Project object */;
			proxyType = 1;
			remoteGlobalIDString = 37E4828A2D63C268002B6D75;
			remoteInfo = ANet;
		};
		37E482A72D63C269002B6D75 /* PBXContainerItemProxy */ = {
			isa = PBXContainerItemProxy;
			containerPortal = 37E482832D63C268002B6D75 /* Project object */;
			proxyType = 1;
			remoteGlobalIDString = 37E4828A2D63C268002B6D75;
			remoteInfo = ANet;
		};
/* End PBXContainerItemProxy section */

/* Begin PBXFileReference section */
		37E4828B2D63C268002B6D75 /* ANet.app */ = {isa = PBXFileReference; explicitFileType = wrapper.application; includeInIndex = 0; path = ANet.app; sourceTree = BUILT_PRODUCTS_DIR; };
		37E4829C2D63C269002B6D75 /* ANetTests.xctest */ = {isa = PBXFileReference; explicitFileType = wrapper.cfbundle; includeInIndex = 0; path = ANetTests.xctest; sourceTree = BUILT_PRODUCTS_DIR; };
		37E482A62D63C269002B6D75 /* ANetUITests.xctest */ = {isa = PBXFileReference; explicitFileType = wrapper.cfbundle; includeInIndex = 0; path = ANetUITests.xctest; sourceTree = BUILT_PRODUCTS_DIR; };
/* End PBXFileReference section */

/* Begin PBXFileSystemSynchronizedRootGroup section */
		37E4828D2D63C268002B6D75 /* ANet */ = {
			isa = PBXFileSystemSynchronizedRootGroup;
			path = ANet;
			sourceTree = "<group>";
		};
		37E4829F2D63C269002B6D75 /* ANetTests */ = {
			isa = PBXFileSystemSynchronizedRootGroup;
			path = ANetTests;
			sourceTree = "<group>";
		};
		37E482A92D63C269002B6D75 /* ANetUITests */ = {
			isa = PBXFileSystemSynchronizedRootGroup;
			path = ANetUITests;
			sourceTree = "<group>";
		};
/* End PBXFileSystemSynchronizedRootGroup section */

/* Begin PBXFrameworksBuildPhase section */
		37E482882D63C268002B6D75 /* Frameworks */ = {
			isa = PBXFrameworksBuildPhase;
			buildActionMask = 2147483647;
			files = (
			);
			runOnlyForDeploymentPostprocessing = 0;
		};
		37E482992D63C269002B6D75 /* Frameworks */ = {
			isa = PBXFrameworksBuildPhase;
			buildActionMask = 2147483647;
			files = (
			);
			runOnlyForDeploymentPostprocessing = 0;
		};
		37E482A32D63C269002B6D75 /* Frameworks */ = {
			isa = PBXFrameworksBuildPhase;
			buildActionMask = 2147483647;
			files = (
			);
			runOnlyForDeploymentPostprocessing = 0;
		};
/* End PBXFrameworksBuildPhase section */

/* Begin PBXGroup section */
		37E482822D63C268002B6D75 = {
			isa = PBXGroup;
			children = (
				37E4828D2D63C268002B6D75 /* ANet */,
				37E4829F2D63C269002B6D75 /* ANetTests */,
				37E482A92D63C269002B6D75 /* ANetUITests */,
				37E4828C2D63C268002B6D75 /* Products */,
			);
			sourceTree = "<group>";
		};
		37E4828C2D63C268002B6D75 /* Products */ = {
			isa = PBXGroup;
			children = (
				37E4828B2D63C268002B6D75 /* ANet.app */,
				37E4829C2D63C269002B6D75 /* ANetTests.xctest */,
				37E482A62D63C269002B6D75 /* ANetUITests.xctest */,
			);
			name = Products;
			sourceTree = "<group>";
		};
/* End PBXGroup section */

/* Begin PBXNativeTarget section */
		37E4828A2D63C268002B6D75 /* ANet */ = {
			isa = PBXNativeTarget;
			buildConfigurationList = 37E482B02D63C269002B6D75 /* Build configuration list for PBXNativeTarget "ANet" */;
			buildPhases = (
				37E482872D63C268002B6D75 /* Sources */,
				37E482882D63C268002B6D75 /* Frameworks */,
				37E482892D63C268002B6D75 /* Resources */,
			);
			buildRules = (
			);
			dependencies = (
			);
			fileSystemSynchronizedGroups = (
				37E4828D2D63C268002B6D75 /* ANet */,
			);
			name = ANet;
			packageProductDependencies = (
			);
			productName = ANet;
			productReference = 37E4828B2D63C268002B6D75 /* ANet.app */;
			productType = "com.apple.product-type.application";
		};
		37E4829B2D63C269002B6D75 /* ANetTests */ = {
			isa = PBXNativeTarget;
			buildConfigurationList = 37E482B32D63C269002B6D75 /* Build configuration list for PBXNativeTarget "ANetTests" */;
			buildPhases = (
				37E482982D63C269002B6D75 /* Sources */,
				37E482992D63C269002B6D75 /* Frameworks */,
				37E4829A2D63C269002B6D75 /* Resources */,
			);
			buildRules = (
			);
			dependencies = (
				37E4829E2D63C269002B6D75 /* PBXTargetDependency */,
			);
			fileSystemSynchronizedGroups = (
				37E4829F2D63C269002B6D75 /* ANetTests */,
			);
			name = ANetTests;
			packageProductDependencies = (
			);
			productName = ANetTests;
			productReference = 37E4829C2D63C269002B6D75 /* ANetTests.xctest */;
			productType = "com.apple.product-type.bundle.unit-test";
		};
		37E482A52D63C269002B6D75 /* ANetUITests */ = {
			isa = PBXNativeTarget;
			buildConfigurationList = 37E482B62D63C269002B6D75 /* Build configuration list for PBXNativeTarget "ANetUITests" */;
			buildPhases = (
				37E482A22D63C269002B6D75 /* Sources */,
				37E482A32D63C269002B6D75 /* Frameworks */,
				37E482A42D63C269002B6D75 /* Resources */,
			);
			buildRules = (
			);
			dependencies = (
				37E482A82D63C269002B6D75 /* PBXTargetDependency */,
			);
			fileSystemSynchronizedGroups = (
				37E482A92D63C269002B6D75 /* ANetUITests */,
			);
			name = ANetUITests;
			packageProductDependencies = (
			);
			productName = ANetUITests;
			productReference = 37E482A62D63C269002B6D75 /* ANetUITests.xctest */;
			productType = "com.apple.product-type.bundle.ui-testing";
		};
/* End PBXNativeTarget section */

/* Begin PBXProject section */
		37E482832D63C268002B6D75 /* Project object */ = {
			isa = PBXProject;
			attributes = {
				BuildIndependentTargetsInParallel = 1;
				LastSwiftUpdateCheck = 1620;
				LastUpgradeCheck = 1620;
				TargetAttributes = {
					37E4828A2D63C268002B6D75 = {
						CreatedOnToolsVersion = 16.2;
					};
					37E4829B2D63C269002B6D75 = {
						CreatedOnToolsVersion = 16.2;
						TestTargetID = 37E4828A2D63C268002B6D75;
					};
					37E482A52D63C269002B6D75 = {
						CreatedOnToolsVersion = 16.2;
						TestTargetID = 37E4828A2D63C268002B6D75;
					};
				};
			};
			buildConfigurationList = 37E482862D63C268002B6D75 /* Build configuration list for PBXProject "ANet" */;
			developmentRegion = en;
			hasScannedForEncodings = 0;
			knownRegions = (
				en,
				Base,
			);
			mainGroup = 37E482822D63C268002B6D75;
			minimizedProjectReferenceProxies = 1;
			preferredProjectObjectVersion = 77;
			productRefGroup = 37E4828C2D63C268002B6D75 /* Products */;
			projectDirPath = "";
			projectRoot = "";
			targets = (
				37E4828A2D63C268002B6D75 /* ANet */,
				37E4829B2D63C269002B6D75 /* ANetTests */,
				37E482A52D63C269002B6D75 /* ANetUITests */,
			);
		};
/* End PBXProject section */

/* Begin PBXResourcesBuildPhase section */
		37E482892D63C268002B6D75 /* Resources */ = {
			isa = PBXResourcesBuildPhase;
			buildActionMask = 2147483647;
			files = (
			);
			runOnlyForDeploymentPostprocessing = 0;
		};
		37E4829A2D63C269002B6D75 /* Resources */ = {
			isa = PBXResourcesBuildPhase;
			buildActionMask = 2147483647;
			files = (
			);
			runOnlyForDeploymentPostprocessing = 0;
		};
		37E482A42D63C269002B6D75 /* Resources */ = {
			isa = PBXResourcesBuildPhase;
			buildActionMask = 2147483647;
			files = (
			);
			runOnlyForDeploymentPostprocessing = 0;
		};
/* End PBXResourcesBuildPhase section */

/* Begin PBXSourcesBuildPhase section */
		37E482872D63C268002B6D75 /* Sources */ = {
			isa = PBXSourcesBuildPhase;
			buildActionMask = 2147483647;
			files = (
			);
			runOnlyForDeploymentPostprocessing = 0;
		};
		37E482982D63C269002B6D75 /* Sources */ = {
			isa = PBXSourcesBuildPhase;
			buildActionMask = 2147483647;
			files = (
			);
			runOnlyForDeploymentPostprocessing = 0;
		};
		37E482A22D63C269002B6D75 /* Sources */ = {
			isa = PBXSourcesBuildPhase;
			buildActionMask = 2147483647;
			files = (
			);
			runOnlyForDeploymentPostprocessing = 0;
		};
/* End PBXSourcesBuildPhase section */

/* Begin PBXTargetDependency section */
		37E4829E2D63C269002B6D75 /* PBXTargetDependency */ = {
			isa = PBXTargetDependency;
			target = 37E4828A2D63C268002B6D75 /* ANet */;
			targetProxy = 37E4829D2D63C269002B6D75 /* PBXContainerItemProxy */;
		};
		37E482A82D63C269002B6D75 /* PBXTargetDependency */ = {
			isa = PBXTargetDependency;
			target = 37E4828A2D63C268002B6D75 /* ANet */;
			targetProxy = 37E482A72D63C269002B6D75 /* PBXContainerItemProxy */;
		};
/* End PBXTargetDependency section */

/* Begin XCBuildConfiguration section */
		37E482AE2D63C269002B6D75 /* Debug */ = {
			isa = XCBuildConfiguration;
			buildSettings = {
				ALWAYS_SEARCH_USER_PATHS = NO;
				ASSETCATALOG_COMPILER_GENERATE_SWIFT_ASSET_SYMBOL_EXTENSIONS = YES;
				CLANG_ANALYZER_NONNULL = YES;
				CLANG_ANALYZER_NUMBER_OBJECT_CONVERSION = YES_AGGRESSIVE;
				CLANG_CXX_LANGUAGE_STANDARD = "gnu++20";
				CLANG_ENABLE_MODULES = YES;
				CLANG_ENABLE_OBJC_ARC = YES;
				CLANG_ENABLE_OBJC_WEAK = YES;
				CLANG_WARN_BLOCK_CAPTURE_AUTORELEASING = YES;
				CLANG_WARN_BOOL_CONVERSION = YES;
				CLANG_WARN_COMMA = YES;
				CLANG_WARN_CONSTANT_CONVERSION = YES;
				CLANG_WARN_DEPRECATED_OBJC_IMPLEMENTATIONS = YES;
				CLANG_WARN_DIRECT_OBJC_ISA_USAGE = YES_ERROR;
				CLANG_WARN_DOCUMENTATION_COMMENTS = YES;
				CLANG_WARN_EMPTY_BODY = YES;
				CLANG_WARN_ENUM_CONVERSION = YES;
				CLANG_WARN_INFINITE_RECURSION = YES;
				CLANG_WARN_INT_CONVERSION = YES;
				CLANG_WARN_NON_LITERAL_NULL_CONVERSION = YES;
				CLANG_WARN_OBJC_IMPLICIT_RETAIN_SELF = YES;
				CLANG_WARN_OBJC_LITERAL_CONVERSION = YES;
				CLANG_WARN_OBJC_ROOT_CLASS = YES_ERROR;
				CLANG_WARN_QUOTED_INCLUDE_IN_FRAMEWORK_HEADER = YES;
				CLANG_WARN_RANGE_LOOP_ANALYSIS = YES;
				CLANG_WARN_STRICT_PROTOTYPES = YES;
				CLANG_WARN_SUSPICIOUS_MOVE = YES;
				CLANG_WARN_UNGUARDED_AVAILABILITY = YES_AGGRESSIVE;
				CLANG_WARN_UNREACHABLE_CODE = YES;
				CLANG_WARN__DUPLICATE_METHOD_MATCH = YES;
				COPY_PHASE_STRIP = NO;
				DEBUG_INFORMATION_FORMAT = dwarf;
				ENABLE_STRICT_OBJC_MSGSEND = YES;
				ENABLE_TESTABILITY = YES;
				ENABLE_USER_SCRIPT_SANDBOXING = YES;
				GCC_C_LANGUAGE_STANDARD = gnu17;
				GCC_DYNAMIC_NO_PIC = NO;
				GCC_NO_COMMON_BLOCKS = YES;
				GCC_OPTIMIZATION_LEVEL = 0;
				GCC_PREPROCESSOR_DEFINITIONS = (
					"DEBUG=1",
					"$(inherited)",
				);
				GCC_WARN_64_TO_32_BIT_CONVERSION = YES;
				GCC_WARN_ABOUT_RETURN_TYPE = YES_ERROR;
				GCC_WARN_UNDECLARED_SELECTOR = YES;
				GCC_WARN_UNINITIALIZED_AUTOS = YES_AGGRESSIVE;
				GCC_WARN_UNUSED_FUNCTION = YES;
				GCC_WARN_UNUSED_VARIABLE = YES;
				LOCALIZATION_PREFERS_STRING_CATALOGS = YES;
				MACOSX_DEPLOYMENT_TARGET = 15.2;
				MTL_ENABLE_DEBUG_INFO = INCLUDE_SOURCE;
				MTL_FAST_MATH = YES;
				ONLY_ACTIVE_ARCH = YES;
				SDKROOT = macosx;
				SWIFT_ACTIVE_COMPILATION_CONDITIONS = "DEBUG $(inherited)";
				SWIFT_OPTIMIZATION_LEVEL = "-Onone";
			};
			name = Debug;
		};
		37E482AF2D63C269002B6D75 /* Release */ = {
			isa = XCBuildConfiguration;
			buildSettings = {
				ALWAYS_SEARCH_USER_PATHS = NO;
				ASSETCATALOG_COMPILER_GENERATE_SWIFT_ASSET_SYMBOL_EXTENSIONS = YES;
				CLANG_ANALYZER_NONNULL = YES;
				CLANG_ANALYZER_NUMBER_OBJECT_CONVERSION = YES_AGGRESSIVE;
				CLANG_CXX_LANGUAGE_STANDARD = "gnu++20";
				CLANG_ENABLE_MODULES = YES;
				CLANG_ENABLE_OBJC_ARC = YES;
				CLANG_ENABLE_OBJC_WEAK = YES;
				CLANG_WARN_BLOCK_CAPTURE_AUTORELEASING = YES;
				CLANG_WARN_BOOL_CONVERSION = YES;
				CLANG_WARN_COMMA = YES;
				CLANG_WARN_CONSTANT_CONVERSION = YES;
				CLANG_WARN_DEPRECATED_OBJC_IMPLEMENTATIONS = YES;
				CLANG_WARN_DIRECT_OBJC_ISA_USAGE = YES_ERROR;
				CLANG_WARN_DOCUMENTATION_COMMENTS = YES;
				CLANG_WARN_EMPTY_BODY = YES;
				CLANG_WARN_ENUM_CONVERSION = YES;
				CLANG_WARN_INFINITE_RECURSION = YES;
				CLANG_WARN_INT_CONVERSION = YES;
				CLANG_WARN_NON_LITERAL_NULL_CONVERSION = YES;
				CLANG_WARN_OBJC_IMPLICIT_RETAIN_SELF = YES;
				CLANG_WARN_OBJC_LITERAL_CONVERSION = YES;
				CLANG_WARN_OBJC_ROOT_CLASS = YES_ERROR;
				CLANG_WARN_QUOTED_INCLUDE_IN_FRAMEWORK_HEADER = YES;
				CLANG_WARN_RANGE_LOOP_ANALYSIS = YES;
				CLANG_WARN_STRICT_PROTOTYPES = YES;
				CLANG_WARN_SUSPICIOUS_MOVE = YES;
				CLANG_WARN_UNGUARDED_AVAILABILITY = YES_AGGRESSIVE;
				CLANG_WARN_UNREACHABLE_CODE = YES;
				CLANG_WARN__DUPLICATE_METHOD_MATCH = YES;
				COPY_PHASE_STRIP = NO;
				DEBUG_INFORMATION_FORMAT = "dwarf-with-dsym";
				ENABLE_NS_ASSERTIONS = NO;
				ENABLE_STRICT_OBJC_MSGSEND = YES;
				ENABLE_USER_SCRIPT_SANDBOXING = YES;
				GCC_C_LANGUAGE_STANDARD = gnu17;
				GCC_NO_COMMON_BLOCKS = YES;
				GCC_WARN_64_TO_32_BIT_CONVERSION = YES;
				GCC_WARN_ABOUT_RETURN_TYPE = YES_ERROR;
				GCC_WARN_UNDECLARED_SELECTOR = YES;
				GCC_WARN_UNINITIALIZED_AUTOS = YES_AGGRESSIVE;
				GCC_WARN_UNUSED_FUNCTION = YES;
				GCC_WARN_UNUSED_VARIABLE = YES;
				LOCALIZATION_PREFERS_STRING_CATALOGS = YES;
				MACOSX_DEPLOYMENT_TARGET = 15.2;
				MTL_ENABLE_DEBUG_INFO = NO;
				MTL_FAST_MATH = YES;
				SDKROOT = macosx;
				SWIFT_COMPILATION_MODE = wholemodule;
			};
			name = Release;
		};
		37E482B12D63C269002B6D75 /* Debug */ = {
			isa = XCBuildConfiguration;
			buildSettings = {
				ASSETCATALOG_COMPILER_APPICON_NAME = AppIcon;
				ASSETCATALOG_COMPILER_GLOBAL_ACCENT_COLOR_NAME = AccentColor;
				CODE_SIGN_ENTITLEMENTS = ANet/ANet.entitlements;
				CODE_SIGN_STYLE = Automatic;
				COMBINE_HIDPI_IMAGES = YES;
				CURRENT_PROJECT_VERSION = 1;
				DEVELOPMENT_ASSET_PATHS = "\"ANet/Preview Content\"";
				DEVELOPMENT_TEAM = V5Y86N8V4T;
				ENABLE_HARDENED_RUNTIME = YES;
				ENABLE_PREVIEWS = YES;
				GENERATE_INFOPLIST_FILE = YES;
				INFOPLIST_KEY_NSHumanReadableCopyright = "";
				LD_RUNPATH_SEARCH_PATHS = (
					"$(inherited)",
					"@executable_path/../Frameworks",
				);
				MARKETING_VERSION = 1.0;
				PRODUCT_BUNDLE_IDENTIFIER = de.greg.ANet;
				PRODUCT_NAME = "$(TARGET_NAME)";
				SWIFT_EMIT_LOC_STRINGS = YES;
				SWIFT_VERSION = 5.0;
			};
			name = Debug;
		};
		37E482B22D63C269002B6D75 /* Release */ = {
			isa = XCBuildConfiguration;
			buildSettings = {
				ASSETCATALOG_COMPILER_APPICON_NAME = AppIcon;
				ASSETCATALOG_COMPILER_GLOBAL_ACCENT_COLOR_NAME = AccentColor;
				CODE_SIGN_ENTITLEMENTS = ANet/ANet.entitlements;
				CODE_SIGN_STYLE = Automatic;
				COMBINE_HIDPI_IMAGES = YES;
				CURRENT_PROJECT_VERSION = 1;
				DEVELOPMENT_ASSET_PATHS = "\"ANet/Preview Content\"";
				DEVELOPMENT_TEAM = V5Y86N8V4T;
				ENABLE_HARDENED_RUNTIME = YES;
				ENABLE_PREVIEWS = YES;
				GENERATE_INFOPLIST_FILE = YES;
				INFOPLIST_KEY_NSHumanReadableCopyright = "";
				LD_RUNPATH_SEARCH_PATHS = (
					"$(inherited)",
					"@executable_path/../Frameworks",
				);
				MARKETING_VERSION = 1.0;
				PRODUCT_BUNDLE_IDENTIFIER = de.greg.ANet;
				PRODUCT_NAME = "$(TARGET_NAME)";
				SWIFT_EMIT_LOC_STRINGS = YES;
				SWIFT_VERSION = 5.0;
			};
			name = Release;
		};
		37E482B42D63C269002B6D75 /* Debug */ = {
			isa = XCBuildConfiguration;
			buildSettings = {
				BUNDLE_LOADER = "$(TEST_HOST)";
				CODE_SIGN_STYLE = Automatic;
				CURRENT_PROJECT_VERSION = 1;
				DEVELOPMENT_TEAM = V5Y86N8V4T;
				GENERATE_INFOPLIST_FILE = YES;
				MACOSX_DEPLOYMENT_TARGET = 15.2;
				MARKETING_VERSION = 1.0;
				PRODUCT_BUNDLE_IDENTIFIER = de.greg.ANetTests;
				PRODUCT_NAME = "$(TARGET_NAME)";
				SWIFT_EMIT_LOC_STRINGS = NO;
				SWIFT_VERSION = 5.0;
				TEST_HOST = "$(BUILT_PRODUCTS_DIR)/ANet.app/$(BUNDLE_EXECUTABLE_FOLDER_PATH)/ANet";
			};
			name = Debug;
		};
		37E482B52D63C269002B6D75 /* Release */ = {
			isa = XCBuildConfiguration;
			buildSettings = {
				BUNDLE_LOADER = "$(TEST_HOST)";
				CODE_SIGN_STYLE = Automatic;
				CURRENT_PROJECT_VERSION = 1;
				DEVELOPMENT_TEAM = V5Y86N8V4T;
				GENERATE_INFOPLIST_FILE = YES;
				MACOSX_DEPLOYMENT_TARGET = 15.2;
				MARKETING_VERSION = 1.0;
				PRODUCT_BUNDLE_IDENTIFIER = de.greg.ANetTests;
				PRODUCT_NAME = "$(TARGET_NAME)";
				SWIFT_EMIT_LOC_STRINGS = NO;
				SWIFT_VERSION = 5.0;
				TEST_HOST = "$(BUILT_PRODUCTS_DIR)/ANet.app/$(BUNDLE_EXECUTABLE_FOLDER_PATH)/ANet";
			};
			name = Release;
		};
		37E482B72D63C269002B6D75 /* Debug */ = {
			isa = XCBuildConfiguration;
			buildSettings = {
				CODE_SIGN_STYLE = Automatic;
				CURRENT_PROJECT_VERSION = 1;
				DEVELOPMENT_TEAM = V5Y86N8V4T;
				GENERATE_INFOPLIST_FILE = YES;
				MARKETING_VERSION = 1.0;
				PRODUCT_BUNDLE_IDENTIFIER = de.greg.ANetUITests;
				PRODUCT_NAME = "$(TARGET_NAME)";
				SWIFT_EMIT_LOC_STRINGS = NO;
				SWIFT_VERSION = 5.0;
				TEST_TARGET_NAME = ANet;
			};
			name = Debug;
		};
		37E482B82D63C269002B6D75 /* Release */ = {
			isa = XCBuildConfiguration;
			buildSettings = {
				CODE_SIGN_STYLE = Automatic;
				CURRENT_PROJECT_VERSION = 1;
				DEVELOPMENT_TEAM = V5Y86N8V4T;
				GENERATE_INFOPLIST_FILE = YES;
				MARKETING_VERSION = 1.0;
				PRODUCT_BUNDLE_IDENTIFIER = de.greg.ANetUITests;
				PRODUCT_NAME = "$(TARGET_NAME)";
				SWIFT_EMIT_LOC_STRINGS = NO;
				SWIFT_VERSION = 5.0;
				TEST_TARGET_NAME = ANet;
			};
			name = Release;
		};
/* End XCBuildConfiguration section */

/* Begin XCConfigurationList section */
		37E482862D63C268002B6D75 /* Build configuration list for PBXProject "ANet" */ = {
			isa = XCConfigurationList;
			buildConfigurations = (
				37E482AE2D63C269002B6D75 /* Debug */,
				37E482AF2D63C269002B6D75 /* Release */,
			);
			defaultConfigurationIsVisible = 0;
			defaultConfigurationName = Release;
		};
		37E482B02D63C269002B6D75 /* Build configuration list for PBXNativeTarget "ANet" */ = {
			isa = XCConfigurationList;
			buildConfigurations = (
				37E482B12D63C269002B6D75 /* Debug */,
				37E482B22D63C269002B6D75 /* Release */,
			);
			defaultConfigurationIsVisible = 0;
			defaultConfigurationName = Release;
		};
		37E482B32D63C269002B6D75 /* Build configuration list for PBXNativeTarget "ANetTests" */ = {
			isa = XCConfigurationList;
			buildConfigurations = (
				37E482B42D63C269002B6D75 /* Debug */,
				37E482B52D63C269002B6D75 /* Release */,
			);
			defaultConfigurationIsVisible = 0;
			defaultConfigurationName = Release;
		};
		37E482B62D63C269002B6D75 /* Build configuration list for PBXNativeTarget "ANetUITests" */ = {
			isa = XCConfigurationList;
			buildConfigurations = (
				37E482B72D63C269002B6D75 /* Debug */,
				37E482B82D63C269002B6D75 /* Release */,
			);
			defaultConfigurationIsVisible = 0;
			defaultConfigurationName = Release;
		};
/* End XCConfigurationList section */
	};
	rootObject = 37E482832D63C268002B6D75 /* Project object */;
}
